
Microsoft Visual Studio Solution File, Format Version 12.00
# Visual Studio 14
VisualStudioVersion = 14.0.25420.1
MinimumVisualStudioVersion = 10.0.40219.1
Project("{FAE04EC0-301F-11D3-BF4B-00C04F79EFBC}") = "kaffe", "kaffe\kaffe.csproj", "{7F8C2CC4-1242-4727-B525-F2751F0C1C7F}"
EndProject
Project("{FAE04EC0-301F-11D3-BF4B-00C04F79EFBC}") = "kaffeTests", "kaffeTests\kaffeTests.csproj", "{0CF1AED7-691D-4C74-B870-39823D4DDC7B}"
EndProject
Global
	GlobalSection(SolutionConfigurationPlatforms) = preSolution
		Debug|Any CPU = Debug|Any CPU
		Release|Any CPU = Release|Any CPU
	EndGlobalSection
	GlobalSection(ProjectConfigurationPlatforms) = postSolution
		{7F8C2CC4-1242-4727-B525-F2751F0C1C7F}.Debug|Any CPU.ActiveCfg = Debug|Any CPU
		{7F8C2CC4-1242-4727-B525-F2751F0C1C7F}.Debug|Any CPU.Build.0 = Debug|Any CPU
		{7F8C2CC4-1242-4727-B525-F2751F0C1C7F}.Release|Any CPU.ActiveCfg = Release|Any CPU
		{7F8C2CC4-1242-4727-B525-F2751F0C1C7F}.Release|Any CPU.Build.0 = Release|Any CPU
		{0CF1AED7-691D-4C74-B870-39823D4DDC7B}.Debug|Any CPU.ActiveCfg = Debug|Any CPU
		{0CF1AED7-691D-4C74-B870-39823D4DDC7B}.Debug|Any CPU.Build.0 = Debug|Any CPU
		{0CF1AED7-691D-4C74-B870-39823D4DDC7B}.Release|Any CPU.ActiveCfg = Release|Any CPU
		{0CF1AED7-691D-4C74-B870-39823D4DDC7B}.Release|Any CPU.Build.0 = Release|Any CPU
	EndGlobalSection
	GlobalSection(SolutionProperties) = preSolution
		HideSolutionNode = FALSE
	EndGlobalSection
EndGlobal
